
Microsoft Visual Studio Solution File, Format Version 12.00
# Visual Studio Version 16
VisualStudioVersion = 16.0.30517.126
MinimumVisualStudioVersion = 10.0.40219.1
Project("{FAE04EC0-301F-11D3-BF4B-00C04F79EFBC}") = "SMS_DAO", "SMS_App\SMS_DAO.csproj", "{C1BD3BBE-E24E-4D69-A68B-7830920911C5}"
EndProject
Project("{FAE04EC0-301F-11D3-BF4B-00C04F79EFBC}") = "SMS_BL", "SMS_BL\SMS_BL.csproj", "{F3FC7ACD-CB57-4321-B95E-0220883E97FE}"
EndProject
Project("{FAE04EC0-301F-11D3-BF4B-00C04F79EFBC}") = "SMS_Entities", "ClassLibrary1\SMS_Entities.csproj", "{8325E23B-60FE-4200-8E58-ADD051B799A4}"
EndProject
Project("{FAE04EC0-301F-11D3-BF4B-00C04F79EFBC}") = "SMS_Exceptions", "ClassLibrary2\SMS_Exceptions.csproj", "{39978CB8-4246-4EE0-801C-D895E484486A}"
EndProject
Project("{FAE04EC0-301F-11D3-BF4B-00C04F79EFBC}") = "SMS_WPFUI", "SMS_WPFUI\SMS_WPFUI.csproj", "{991A4124-FE7F-4958-8150-6E0FDAC547E8}"
EndProject
Global
	GlobalSection(SolutionConfigurationPlatforms) = preSolution
		Debug|Any CPU = Debug|Any CPU
		Release|Any CPU = Release|Any CPU
	EndGlobalSection
	GlobalSection(ProjectConfigurationPlatforms) = postSolution
		{C1BD3BBE-E24E-4D69-A68B-7830920911C5}.Debug|Any CPU.ActiveCfg = Debug|Any CPU
		{C1BD3BBE-E24E-4D69-A68B-7830920911C5}.Debug|Any CPU.Build.0 = Debug|Any CPU
		{C1BD3BBE-E24E-4D69-A68B-7830920911C5}.Release|Any CPU.ActiveCfg = Release|Any CPU
		{C1BD3BBE-E24E-4D69-A68B-7830920911C5}.Release|Any CPU.Build.0 = Release|Any CPU
		{F3FC7ACD-CB57-4321-B95E-0220883E97FE}.Debug|Any CPU.ActiveCfg = Debug|Any CPU
		{F3FC7ACD-CB57-4321-B95E-0220883E97FE}.Debug|Any CPU.Build.0 = Debug|Any CPU
		{F3FC7ACD-CB57-4321-B95E-0220883E97FE}.Release|Any CPU.ActiveCfg = Release|Any CPU
		{F3FC7ACD-CB57-4321-B95E-0220883E97FE}.Release|Any CPU.Build.0 = Release|Any CPU
		{8325E23B-60FE-4200-8E58-ADD051B799A4}.Debug|Any CPU.ActiveCfg = Debug|Any CPU
		{8325E23B-60FE-4200-8E58-ADD051B799A4}.Debug|Any CPU.Build.0 = Debug|Any CPU
		{8325E23B-60FE-4200-8E58-ADD051B799A4}.Release|Any CPU.ActiveCfg = Release|Any CPU
		{8325E23B-60FE-4200-8E58-ADD051B799A4}.Release|Any CPU.Build.0 = Release|Any CPU
		{39978CB8-4246-4EE0-801C-D895E484486A}.Debug|Any CPU.ActiveCfg = Debug|Any CPU
		{39978CB8-4246-4EE0-801C-D895E484486A}.Debug|Any CPU.Build.0 = Debug|Any CPU
		{39978CB8-4246-4EE0-801C-D895E484486A}.Release|Any CPU.ActiveCfg = Release|Any CPU
		{39978CB8-4246-4EE0-801C-D895E484486A}.Release|Any CPU.Build.0 = Release|Any CPU
		{991A4124-FE7F-4958-8150-6E0FDAC547E8}.Debug|Any CPU.ActiveCfg = Debug|Any CPU
		{991A4124-FE7F-4958-8150-6E0FDAC547E8}.Debug|Any CPU.Build.0 = Debug|Any CPU
		{991A4124-FE7F-4958-8150-6E0FDAC547E8}.Release|Any CPU.ActiveCfg = Release|Any CPU
		{991A4124-FE7F-4958-8150-6E0FDAC547E8}.Release|Any CPU.Build.0 = Release|Any CPU
	EndGlobalSection
	GlobalSection(SolutionProperties) = preSolution
		HideSolutionNode = FALSE
	EndGlobalSection
	GlobalSection(ExtensibilityGlobals) = postSolution
		SolutionGuid = {63341F8C-EDCB-46E9-84FF-7B999FDC4C23}
	EndGlobalSection
EndGlobal
